<?xml version="1.0" encoding="utf-8"?>
<Project ToolsVersion="4.0" xmlns="http://schemas.microsoft.com/developer/msbuild/2003">
  <ItemGroup>
    <Filter Include="Core Modules">
      <UniqueIdentifier>{8b7ed093-66ce-4096-96d2-fbb9faa4bf52}</UniqueIdentifier>
    </Filter>
    <Filter Include="Main">
      <UniqueIdentifier>{b2cf1b56-826a-4450-94fb-847259a53560}</UniqueIdentifier>
    </Filter>
    <Filter Include="Helpers">
      <UniqueIdentifier>{121f8e6b-df36-4ab0-be0d-601ddfc9e503}</UniqueIdentifier>
    </Filter>
    <Filter Include="Containers">
      <UniqueIdentifier>{afc36133-f401-499a-aa33-0da1e500fb52}</UniqueIdentifier>
    </Filter>
    <Filter Include="Game Objects">
      <UniqueIdentifier>{23af9d6b-a617-4edb-b32f-afdfef31771f}</UniqueIdentifier>
    </Filter>
    <Filter Include="Game Objects\Components">
      <UniqueIdentifier>{752d8af1-212b-48af-ab8e-4c2c21b0cd36}</UniqueIdentifier>
    </Filter>
    <Filter Include="Tools">
      <UniqueIdentifier>{ef1cd4b7-33d0-40c1-8e04-e0c019b5476c}</UniqueIdentifier>
    </Filter>
  </ItemGroup>
  <ItemGroup>
    <ClInclude Include="glmath.h">
      <Filter>Containers</Filter>
    </ClInclude>
    <ClInclude Include="Primitive.h">
      <Filter>Helpers</Filter>
    </ClInclude>
    <ClInclude Include="Color.h">
      <Filter>Containers</Filter>
    </ClInclude>
    <ClInclude Include="Light.h">
      <Filter>Helpers</Filter>
    </ClInclude>
    <ClInclude Include="PhysBody3D.h">
      <Filter>Helpers</Filter>
    </ClInclude>
    <ClInclude Include="PhysVehicle3D.h">
      <Filter>Helpers</Filter>
    </ClInclude>
    <ClInclude Include="ModulePlayer.h">
      <Filter>Game Objects</Filter>
    </ClInclude>
    <ClInclude Include="ModuleSceneIntro.h">
      <Filter>Game Objects</Filter>
    </ClInclude>
    <ClInclude Include="Application.h">
      <Filter>Main</Filter>
    </ClInclude>
    <ClInclude Include="Globals.h">
      <Filter>Main</Filter>
    </ClInclude>
    <ClInclude Include="Module.h">
      <Filter>Core Modules</Filter>
    </ClInclude>
    <ClInclude Include="ModuleAudio.h">
      <Filter>Core Modules</Filter>
    </ClInclude>
    <ClInclude Include="ModuleCamera3D.h">
      <Filter>Core Modules</Filter>
    </ClInclude>
    <ClInclude Include="ModuleInput.h">
      <Filter>Core Modules</Filter>
    </ClInclude>
    <ClInclude Include="ModulePhysics3D.h">
      <Filter>Core Modules</Filter>
    </ClInclude>
    <ClInclude Include="ModuleRenderer3D.h">
      <Filter>Core Modules</Filter>
    </ClInclude>
    <ClInclude Include="ModuleWindow.h">
      <Filter>Core Modules</Filter>
    </ClInclude>
    <ClInclude Include="Point.h">
      <Filter>Containers</Filter>
    </ClInclude>
    <ClInclude Include="ModuleScene.h">
      <Filter>Core Modules</Filter>
    </ClInclude>
    <ClInclude Include="ModuleTextures.h">
      <Filter>Core Modules</Filter>
    </ClInclude>
    <ClInclude Include="GameObject.h">
      <Filter>Game Objects</Filter>
    </ClInclude>
    <ClInclude Include="Component.h">
      <Filter>Game Objects\Components</Filter>
    </ClInclude>
    <ClInclude Include="ComponentMesh.h">
      <Filter>Game Objects\Components</Filter>
    </ClInclude>
    <ClInclude Include="ModuleMeshes.h">
      <Filter>Core Modules</Filter>
    </ClInclude>
    <ClInclude Include="ComponentMaterial.h">
      <Filter>Game Objects\Components</Filter>
    </ClInclude>
    <ClInclude Include="Timer.h">
      <Filter>Tools</Filter>
    </ClInclude>
    <ClInclude Include="MemLeaks.h">
      <Filter>Tools</Filter>
    </ClInclude>
    <ClInclude Include="OpenGL.h">
      <Filter>Tools</Filter>
    </ClInclude>
  </ItemGroup>
  <ItemGroup>
    <ClCompile Include="glmath.cpp">
      <Filter>Containers</Filter>
    </ClCompile>
    <ClCompile Include="Primitive.cpp">
      <Filter>Helpers</Filter>
    </ClCompile>
    <ClCompile Include="Color.cpp">
      <Filter>Containers</Filter>
    </ClCompile>
    <ClCompile Include="Light.cpp">
      <Filter>Helpers</Filter>
    </ClCompile>
    <ClCompile Include="PhysBody3D.cpp">
      <Filter>Helpers</Filter>
    </ClCompile>
    <ClCompile Include="PhysVehicle3D.cpp">
      <Filter>Helpers</Filter>
    </ClCompile>
    <ClCompile Include="ModulePlayer.cpp">
      <Filter>Game Objects</Filter>
    </ClCompile>
    <ClCompile Include="ModuleSceneIntro.cpp">
      <Filter>Game Objects</Filter>
    </ClCompile>
    <ClCompile Include="Application.cpp">
      <Filter>Main</Filter>
    </ClCompile>
    <ClCompile Include="Main.cpp">
      <Filter>Main</Filter>
    </ClCompile>
    <ClCompile Include="ModuleAudio.cpp">
      <Filter>Core Modules</Filter>
    </ClCompile>
    <ClCompile Include="ModuleCamera3D.cpp">
      <Filter>Core Modules</Filter>
    </ClCompile>
    <ClCompile Include="ModuleInput.cpp">
      <Filter>Core Modules</Filter>
    </ClCompile>
    <ClCompile Include="ModulePhysics3D.cpp">
      <Filter>Core Modules</Filter>
    </ClCompile>
    <ClCompile Include="ModuleRenderer3D.cpp">
      <Filter>Core Modules</Filter>
    </ClCompile>
    <ClCompile Include="ModuleWindow.cpp">
      <Filter>Core Modules</Filter>
    </ClCompile>
    <ClCompile Include="ModuleScene.cpp">
      <Filter>Core Modules</Filter>
    </ClCompile>
    <ClCompile Include="ModuleTextures.cpp">
      <Filter>Core Modules</Filter>
    </ClCompile>
    <ClCompile Include="GameObject.cpp">
      <Filter>Game Objects</Filter>
    </ClCompile>
    <ClCompile Include="Component.cpp">
      <Filter>Game Objects\Components</Filter>
    </ClCompile>
    <ClCompile Include="ComponentMesh.cpp">
      <Filter>Game Objects\Components</Filter>
    </ClCompile>
    <ClCompile Include="ModuleMeshes.cpp">
      <Filter>Core Modules</Filter>
    </ClCompile>
    <ClCompile Include="ComponentMaterial.cpp">
      <Filter>Game Objects\Components</Filter>
    </ClCompile>
    <ClCompile Include="Timer.cpp">
      <Filter>Tools</Filter>
    </ClCompile>
    <ClCompile Include="Globals.cpp">
      <Filter>Main</Filter>
    </ClCompile>
  </ItemGroup>
</Project>